
Microsoft Visual Studio Solution File, Format Version 12.00
# Visual Studio 15
VisualStudioVersion = 15.0.26430.12
MinimumVisualStudioVersion = 10.0.40219.1
Project("{FAE04EC0-301F-11D3-BF4B-00C04F79EFBC}") = "Section8", "Section8\Section8.csproj", "{8BB5F77F-6BFA-469A-9024-5073F3D0986B}"
EndProject
Global
	GlobalSection(SolutionConfigurationPlatforms) = preSolution
		Debug|Any CPU = Debug|Any CPU
		Release|Any CPU = Release|Any CPU
	EndGlobalSection
	GlobalSection(ProjectConfigurationPlatforms) = postSolution
		{8BB5F77F-6BFA-469A-9024-5073F3D0986B}.Debug|Any CPU.ActiveCfg = Debug|Any CPU
		{8BB5F77F-6BFA-469A-9024-5073F3D0986B}.Debug|Any CPU.Build.0 = Debug|Any CPU
		{8BB5F77F-6BFA-469A-9024-5073F3D0986B}.Release|Any CPU.ActiveCfg = Release|Any CPU
		{8BB5F77F-6BFA-469A-9024-5073F3D0986B}.Release|Any CPU.Build.0 = Release|Any CPU
	EndGlobalSection
	GlobalSection(SolutionProperties) = preSolution
		HideSolutionNode = FALSE
	EndGlobalSection
EndGlobal
